
Microsoft Visual Studio Solution File, Format Version 11.00
# Visual Studio 2010
Project("{8BC9CEB8-8B4A-11D0-8D11-00A0C91BC942}") = "Skeleton", "Skeleton\Skeleton.vcxproj", "{1FFEF8C5-5A68-47B3-8F07-B9F99E48A5AF}"
EndProject
Project("{8BC9CEB8-8B4A-11D0-8D11-00A0C91BC942}") = "RttiExtension", "RttiExtension\RttiExtension.vcxproj", "{7C78097A-285E-4570-A6BC-4AEB4D935DB5}"
EndProject
Project("{8BC9CEB8-8B4A-11D0-8D11-00A0C91BC942}") = "ExternalExtension", "ExternalExtension\ExternalExtension.vcxproj", "{A2B53FAB-FDE1-439B-A9D4-62030066199E}"
EndProject
Project("{8BC9CEB8-8B4A-11D0-8D11-00A0C91BC942}") = "Story", "Story\Story.vcxproj", "{F1540C87-EE0F-45CD-8F91-B6D612574EA3}"
EndProject
Project("{8BC9CEB8-8B4A-11D0-8D11-00A0C91BC942}") = "SmartExtension", "SmartExtension\SmartExtension.vcxproj", "{8E79F855-C24D-4138-AED5-1CEB5E3D1439}"
EndProject
Global
	GlobalSection(SolutionConfigurationPlatforms) = preSolution
		Debug|Win32 = Debug|Win32
		Release|Win32 = Release|Win32
	EndGlobalSection
	GlobalSection(ProjectConfigurationPlatforms) = postSolution
		{1FFEF8C5-5A68-47B3-8F07-B9F99E48A5AF}.Debug|Win32.ActiveCfg = Debug|Win32
		{1FFEF8C5-5A68-47B3-8F07-B9F99E48A5AF}.Debug|Win32.Build.0 = Debug|Win32
		{1FFEF8C5-5A68-47B3-8F07-B9F99E48A5AF}.Release|Win32.ActiveCfg = Release|Win32
		{1FFEF8C5-5A68-47B3-8F07-B9F99E48A5AF}.Release|Win32.Build.0 = Release|Win32
		{7C78097A-285E-4570-A6BC-4AEB4D935DB5}.Debug|Win32.ActiveCfg = Debug|Win32
		{7C78097A-285E-4570-A6BC-4AEB4D935DB5}.Debug|Win32.Build.0 = Debug|Win32
		{7C78097A-285E-4570-A6BC-4AEB4D935DB5}.Release|Win32.ActiveCfg = Release|Win32
		{7C78097A-285E-4570-A6BC-4AEB4D935DB5}.Release|Win32.Build.0 = Release|Win32
		{A2B53FAB-FDE1-439B-A9D4-62030066199E}.Debug|Win32.ActiveCfg = Debug|Win32
		{A2B53FAB-FDE1-439B-A9D4-62030066199E}.Debug|Win32.Build.0 = Debug|Win32
		{A2B53FAB-FDE1-439B-A9D4-62030066199E}.Release|Win32.ActiveCfg = Release|Win32
		{A2B53FAB-FDE1-439B-A9D4-62030066199E}.Release|Win32.Build.0 = Release|Win32
		{F1540C87-EE0F-45CD-8F91-B6D612574EA3}.Debug|Win32.ActiveCfg = Debug|Win32
		{F1540C87-EE0F-45CD-8F91-B6D612574EA3}.Debug|Win32.Build.0 = Debug|Win32
		{F1540C87-EE0F-45CD-8F91-B6D612574EA3}.Release|Win32.ActiveCfg = Release|Win32
		{F1540C87-EE0F-45CD-8F91-B6D612574EA3}.Release|Win32.Build.0 = Release|Win32
		{8E79F855-C24D-4138-AED5-1CEB5E3D1439}.Debug|Win32.ActiveCfg = Debug|Win32
		{8E79F855-C24D-4138-AED5-1CEB5E3D1439}.Debug|Win32.Build.0 = Debug|Win32
		{8E79F855-C24D-4138-AED5-1CEB5E3D1439}.Release|Win32.ActiveCfg = Release|Win32
		{8E79F855-C24D-4138-AED5-1CEB5E3D1439}.Release|Win32.Build.0 = Release|Win32
	EndGlobalSection
	GlobalSection(SolutionProperties) = preSolution
		HideSolutionNode = FALSE
	EndGlobalSection
EndGlobal
